
Microsoft Visual Studio Solution File, Format Version 12.00
# Visual Studio 15
VisualStudioVersion = 15.0.26730.3
MinimumVisualStudioVersion = 10.0.40219.1
Project("{FAE04EC0-301F-11D3-BF4B-00C04F79EFBC}") = "EmailSerializerBL", "EmailSerializerBL\EmailSerializerBL.csproj", "{D7A520D0-DDC5-42DE-8D0B-223E11920E2E}"
EndProject
Project("{FAE04EC0-301F-11D3-BF4B-00C04F79EFBC}") = "EmailSerializerApp", "..\EmailSerializerApp\EmailSerializerApp.csproj", "{F7658C74-B3B7-427F-B2BA-68A39826D0FC}"
EndProject
Global
	GlobalSection(SolutionConfigurationPlatforms) = preSolution
		Debug|Any CPU = Debug|Any CPU
		Release|Any CPU = Release|Any CPU
	EndGlobalSection
	GlobalSection(ProjectConfigurationPlatforms) = postSolution
		{D7A520D0-DDC5-42DE-8D0B-223E11920E2E}.Debug|Any CPU.ActiveCfg = Debug|Any CPU
		{D7A520D0-DDC5-42DE-8D0B-223E11920E2E}.Debug|Any CPU.Build.0 = Debug|Any CPU
		{D7A520D0-DDC5-42DE-8D0B-223E11920E2E}.Release|Any CPU.ActiveCfg = Release|Any CPU
		{D7A520D0-DDC5-42DE-8D0B-223E11920E2E}.Release|Any CPU.Build.0 = Release|Any CPU
		{F7658C74-B3B7-427F-B2BA-68A39826D0FC}.Debug|Any CPU.ActiveCfg = Debug|Any CPU
		{F7658C74-B3B7-427F-B2BA-68A39826D0FC}.Debug|Any CPU.Build.0 = Debug|Any CPU
		{F7658C74-B3B7-427F-B2BA-68A39826D0FC}.Release|Any CPU.ActiveCfg = Release|Any CPU
		{F7658C74-B3B7-427F-B2BA-68A39826D0FC}.Release|Any CPU.Build.0 = Release|Any CPU
	EndGlobalSection
	GlobalSection(SolutionProperties) = preSolution
		HideSolutionNode = FALSE
	EndGlobalSection
	GlobalSection(ExtensibilityGlobals) = postSolution
		SolutionGuid = {93B9EAEC-59C4-4A4C-B397-2411125EF607}
	EndGlobalSection
EndGlobal
